<?xml version="1.0" encoding="utf-8"?>
<Project ToolsVersion="4.0" xmlns="http://schemas.microsoft.com/developer/msbuild/2003">
  <ItemGroup>
    <Filter Include="Source Files">
      <UniqueIdentifier>{4FC737F1-C7A5-4376-A066-2A32D752A2FF}</UniqueIdentifier>
      <Extensions>cpp;c;cc;cxx;def;odl;idl;hpj;bat;asm;asmx</Extensions>
    </Filter>
    <Filter Include="Header Files">
      <UniqueIdentifier>{93995380-89BD-4b04-88EB-625FBE52EBFB}</UniqueIdentifier>
      <Extensions>h;hh;hpp;hxx;hm;inl;inc;ipp;xsd</Extensions>
    </Filter>
    <Filter Include="Resource Files">
      <UniqueIdentifier>{67DA6AB6-F800-4c08-8B7A-83BB121AAD01}</UniqueIdentifier>
      <Extensions>rc;ico;cur;bmp;dlg;rc2;rct;bin;rgs;gif;jpg;jpeg;jpe;resx;tiff;tif;png;wav;mfcribbon-ms</Extensions>
    </Filter>
    <Filter Include="Header Files\asset">
      <UniqueIdentifier>{cad369eb-7588-498e-8703-d8515e138a79}</UniqueIdentifier>
    </Filter>
    <Filter Include="Header Files\rapidxml">
      <UniqueIdentifier>{0f92d0e4-f420-4669-9e76-4acf161a5bc4}</UniqueIdentifier>
    </Filter>
    <Filter Include="Source Files\tests">
      <UniqueIdentifier>{37348a5a-5e3d-441f-8995-c945c4a6de16}</UniqueIdentifier>
    </Filter>
    <Filter Include="Source Files\asset">
      <UniqueIdentifier>{2c4490c5-b4ad-4412-ae53-6ab86eb5e687}</UniqueIdentifier>
    </Filter>
  </ItemGroup>
  <ItemGroup>
    <ClInclude Include="include\game.h">
      <Filter>Header Files</Filter>
    </ClInclude>
    <ClInclude Include="include\mesh.h">
      <Filter>Header Files</Filter>
    </ClInclude>
    <ClInclude Include="include\renderer-opengl.h">
      <Filter>Header Files</Filter>
    </ClInclude>
    <ClInclude Include="include\string_utils.h">
      <Filter>Header Files</Filter>
    </ClInclude>
    <ClInclude Include="include\types.h">
      <Filter>Header Files</Filter>
    </ClInclude>
    <ClInclude Include="include\asset\collada.h">
      <Filter>Header Files\asset</Filter>
    </ClInclude>
    <ClInclude Include="include\asset\resource.h">
      <Filter>Header Files\asset</Filter>
    </ClInclude>
    <ClInclude Include="include\rapidxml\rapidxml.hpp">
      <Filter>Header Files\rapidxml</Filter>
    </ClInclude>
    <ClInclude Include="include\rapidxml\rapidxml_iterators.hpp">
      <Filter>Header Files\rapidxml</Filter>
    </ClInclude>
    <ClInclude Include="include\rapidxml\rapidxml_print.hpp">
      <Filter>Header Files\rapidxml</Filter>
    </ClInclude>
    <ClInclude Include="include\rapidxml\rapidxml_utils.hpp">
      <Filter>Header Files\rapidxml</Filter>
    </ClInclude>
    <ClInclude Include="src\std.h">
      <Filter>Header Files</Filter>
    </ClInclude>
    <ClInclude Include="std.h">
      <Filter>Header Files</Filter>
    </ClInclude>
    <ClInclude Include="src\tests\tests.h">
      <Filter>Source Files\tests</Filter>
    </ClInclude>
  </ItemGroup>
  <ItemGroup>
    <ClCompile Include="src\game.cc">
      <Filter>Source Files</Filter>
    </ClCompile>
    <ClCompile Include="src\main.cc">
      <Filter>Source Files</Filter>
    </ClCompile>
    <ClCompile Include="src\mesh.cc">
      <Filter>Source Files</Filter>
    </ClCompile>
    <ClCompile Include="src\renderer-opengl.cc">
      <Filter>Source Files</Filter>
    </ClCompile>
    <ClCompile Include="src\asset\collada.cc">
      <Filter>Source Files\asset</Filter>
    </ClCompile>
    <ClCompile Include="src\asset\resource.cc">
      <Filter>Source Files\asset</Filter>
    </ClCompile>
    <ClCompile Include="src\tests\boost_string_view.cc">
      <Filter>Source Files\tests</Filter>
    </ClCompile>
    <ClCompile Include="src\tests\tests.cc">
      <Filter>Source Files\tests</Filter>
    </ClCompile>
  </ItemGroup>
</Project>